
Microsoft Visual Studio Solution File, Format Version 12.00
# Visual Studio Version 17
VisualStudioVersion = 17.2.32630.192
MinimumVisualStudioVersion = 10.0.40219.1
Project("{FAE04EC0-301F-11D3-BF4B-00C04F79EFBC}") = "assignment5", "assignment5.csproj", "{FF824A60-60BE-4744-8354-5CE440BE8C94}"
EndProject
Global
	GlobalSection(SolutionConfigurationPlatforms) = preSolution
		Debug|Any CPU = Debug|Any CPU
		Release|Any CPU = Release|Any CPU
	EndGlobalSection
	GlobalSection(ProjectConfigurationPlatforms) = postSolution
		{FF824A60-60BE-4744-8354-5CE440BE8C94}.Debug|Any CPU.ActiveCfg = Debug|Any CPU
		{FF824A60-60BE-4744-8354-5CE440BE8C94}.Debug|Any CPU.Build.0 = Debug|Any CPU
		{FF824A60-60BE-4744-8354-5CE440BE8C94}.Release|Any CPU.ActiveCfg = Release|Any CPU
		{FF824A60-60BE-4744-8354-5CE440BE8C94}.Release|Any CPU.Build.0 = Release|Any CPU
	EndGlobalSection
	GlobalSection(SolutionProperties) = preSolution
		HideSolutionNode = FALSE
	EndGlobalSection
	GlobalSection(ExtensibilityGlobals) = postSolution
		SolutionGuid = {4A560C47-E5FC-4281-BD01-D92A3CC13F22}
	EndGlobalSection
EndGlobal
